{
  "lockfileVersion": 1,
  "workspaces": {
    "": {
      "name": "mock-claude-api",
      "dependencies": {
        "@types/lodash.ismatch": "^4.4.9",
        "hono": "^3.11.0",
        "lodash.ismatch": "^4.4.0",
        "nanoid": "^5.0.0",
      },
    },
  },
  "packages": {
    "@types/lodash": ["@types/lodash@4.17.20", "", {}, "sha512-H3MHACvFUEiujabxhaI/ImO6gUrd8oOurg7LQtS7mbwIXA/cUqWrvBsaeJ23aZEPk1TAYkurjfMbSELfoCXlGA=="],

    "@types/lodash.ismatch": ["@types/lodash.ismatch@4.4.9", "", { "dependencies": { "@types/lodash": "*" } }, "sha512-qWihnStOPKH8urljLGm6ZOEdN/5Bt4vxKR81tL3L4ArUNLvcf9RW3QSnPs21eix5BiqioSWq4aAXD4Iep+d0fw=="],

    "hono": ["hono@3.12.12", "", {}, "sha512-5IAMJOXfpA5nT+K0MNjClchzz0IhBHs2Szl7WFAhrFOsbtQsYmNynFyJRg/a3IPsmCfxcrf8txUGiNShXpK5Rg=="],

    "lodash.ismatch": ["lodash.ismatch@4.4.0", "", {}, "sha512-fPMfXjGQEV9Xsq/8MTSgUf255gawYRbjwMyDbcvDhXgV7enSZA0hynz6vMPnpAb5iONEzBHBPsT+0zes5Z301g=="],

    "nanoid": ["nanoid@5.1.5", "", { "bin": { "nanoid": "bin/nanoid.js" } }, "sha512-Ir/+ZpE9fDsNH0hQ3C68uyThDXzYcim2EqcZ8zn8Chtt1iylPT9xXJB0kPCnqzgcEGikO9RxSrh63MsmVCU7Fw=="],
  }
}
